#MicroXplorer Configuration settings - do not modify
CAD.formats=
CAD.pinconfig=
CAD.provider=
CORTEX_M7.CPU_DCache=Enabled
CORTEX_M7.CPU_ICache=Enabled
CORTEX_M7.IPParameters=CPU_ICache,CPU_DCache
Dma.Request0=USART1_TX
Dma.Request1=USART1_RX
Dma.RequestsNb=2
Dma.USART1_RX.1.Direction=DMA_PERIPH_TO_MEMORY
Dma.USART1_RX.1.FIFOMode=DMA_FIFOMODE_DISABLE
Dma.USART1_RX.1.Instance=DMA2_Stream2
Dma.USART1_RX.1.MemDataAlignment=DMA_MDATAALIGN_BYTE
Dma.USART1_RX.1.MemInc=DMA_MINC_ENABLE
Dma.USART1_RX.1.Mode=DMA_NORMAL
Dma.USART1_RX.1.PeriphDataAlignment=DMA_PDATAALIGN_BYTE
Dma.USART1_RX.1.PeriphInc=DMA_PINC_DISABLE
Dma.USART1_RX.1.Priority=DMA_PRIORITY_LOW
Dma.USART1_RX.1.RequestParameters=Instance,Direction,PeriphInc,MemInc,PeriphDataAlignment,MemDataAlignment,Mode,Priority,FIFOMode
Dma.USART1_TX.0.Direction=DMA_MEMORY_TO_PERIPH
Dma.USART1_TX.0.FIFOMode=DMA_FIFOMODE_DISABLE
Dma.USART1_TX.0.Instance=DMA2_Stream7
Dma.USART1_TX.0.MemDataAlignment=DMA_MDATAALIGN_BYTE
Dma.USART1_TX.0.MemInc=DMA_MINC_ENABLE
Dma.USART1_TX.0.Mode=DMA_NORMAL
Dma.USART1_TX.0.PeriphDataAlignment=DMA_PDATAALIGN_BYTE
Dma.USART1_TX.0.PeriphInc=DMA_PINC_DISABLE
Dma.USART1_TX.0.Priority=DMA_PRIORITY_LOW
Dma.USART1_TX.0.RequestParameters=Instance,Direction,PeriphInc,MemInc,PeriphDataAlignment,MemDataAlignment,Mode,Priority,FIFOMode
ETH.IPParameters=MediaInterface
ETH.MediaInterface=HAL_ETH_RMII_MODE
FREERTOS.FootprintOK=true
FREERTOS.IPParameters=Tasks01,configMINIMAL_STACK_SIZE,configTOTAL_HEAP_SIZE,configUSE_NEWLIB_REENTRANT,FootprintOK
FREERTOS.Tasks01=defaultTask,0,4096,StartDefaultTask,Default,NULL,Dynamic,NULL,NULL;feedDogTask,-3,2048,StartTask02,Default,NULL,Dynamic,NULL,NULL
FREERTOS.configMINIMAL_STACK_SIZE=2048
FREERTOS.configTOTAL_HEAP_SIZE=102400
FREERTOS.configUSE_NEWLIB_REENTRANT=1
File.Version=6
GPIO.groupedBy=Group By Peripherals
IWDG.IPParameters=Prescaler
IWDG.Prescaler=IWDG_PRESCALER_64
KeepUserPlacement=false
LWIP.BSP.number=1
LWIP.DEFAULT_THREAD_STACKSIZE=2048
LWIP.GATEWAY_ADDRESS=192.168.001.001
LWIP.IPParameters=LWIP_DHCP,IP_ADDRESS,NETMASK_ADDRESS,GATEWAY_ADDRESS,LWIP_ARP,TCPIP_THREAD_STACKSIZE,DEFAULT_THREAD_STACKSIZE,TCPIP_THREAD_NAME,SLIPIF_THREAD_STACKSIZE
LWIP.IP_ADDRESS=192.168.001.010
LWIP.LWIP_ARP=1
LWIP.LWIP_DHCP=0
LWIP.NETMASK_ADDRESS=255.255.255.000
LWIP.SLIPIF_THREAD_STACKSIZE=2048
LWIP.TCPIP_THREAD_NAME="tcpip_thread1"
LWIP.TCPIP_THREAD_STACKSIZE=2048
LWIP.Version=v2.1.2_Cube
LWIP0.BSP.STBoard=false
LWIP0.BSP.api=BSP_COMPONENT_DRIVER
LWIP0.BSP.component=LAN8742
LWIP0.BSP.condition=
LWIP0.BSP.instance=LAN8742
LWIP0.BSP.ip=
LWIP0.BSP.mode=
LWIP0.BSP.name=Driver_PHY
LWIP0.BSP.semaphore=S_LAN8742
LWIP0.BSP.solution=LAN8742
Mcu.CPN=STM32F767IGT6
Mcu.Family=STM32F7
Mcu.IP0=CORTEX_M7
Mcu.IP1=DMA
Mcu.IP10=USART1
Mcu.IP2=ETH
Mcu.IP3=FREERTOS
Mcu.IP4=IWDG
Mcu.IP5=LWIP
Mcu.IP6=NVIC
Mcu.IP7=QUADSPI
Mcu.IP8=RCC
Mcu.IP9=SYS
Mcu.IPNb=11
Mcu.Name=STM32F767I(G-I)Tx
Mcu.Package=LQFP176
Mcu.Pin0=PE2
Mcu.Pin1=PE3
Mcu.Pin10=PF9
Mcu.Pin11=PH0/OSC_IN
Mcu.Pin12=PH1/OSC_OUT
Mcu.Pin13=PC1
Mcu.Pin14=PA1
Mcu.Pin15=PA2
Mcu.Pin16=PH3
Mcu.Pin17=PA7
Mcu.Pin18=PC4
Mcu.Pin19=PC5
Mcu.Pin2=PE4
Mcu.Pin20=PB0
Mcu.Pin21=PB1
Mcu.Pin22=PB2
Mcu.Pin23=PB11
Mcu.Pin24=PA9
Mcu.Pin25=PA10
Mcu.Pin26=PA13
Mcu.Pin27=PA14
Mcu.Pin28=PA15
Mcu.Pin29=PG13
Mcu.Pin3=PE5
Mcu.Pin30=PG14
Mcu.Pin31=PB3
Mcu.Pin32=PB6
Mcu.Pin33=VP_FREERTOS_VS_CMSIS_V1
Mcu.Pin34=VP_IWDG_VS_IWDG
Mcu.Pin35=VP_LWIP_VS_Enabled
Mcu.Pin36=VP_SYS_VS_tim10
Mcu.Pin4=PE6
Mcu.Pin5=PC14/OSC32_IN
Mcu.Pin6=PC15/OSC32_OUT
Mcu.Pin7=PF6
Mcu.Pin8=PF7
Mcu.Pin9=PF8
Mcu.PinsNb=37
Mcu.ThirdPartyNb=0
Mcu.UserConstants=
Mcu.UserName=STM32F767IGTx
MxCube.Version=6.10.0
MxDb.Version=DB.6.0.100
NVIC.BusFault_IRQn=true\:0\:0\:false\:false\:true\:false\:false\:false\:false
NVIC.DMA2_Stream2_IRQn=true\:5\:0\:false\:false\:true\:true\:false\:true\:true
NVIC.DMA2_Stream7_IRQn=true\:5\:0\:false\:false\:true\:true\:false\:true\:true
NVIC.DebugMonitor_IRQn=true\:0\:0\:false\:false\:true\:false\:false\:false\:false
NVIC.ETH_IRQn=true\:5\:0\:false\:false\:true\:true\:false\:true\:true
NVIC.EXTI3_IRQn=true\:5\:0\:false\:false\:true\:true\:true\:true\:true
NVIC.ForceEnableDMAVector=true
NVIC.HardFault_IRQn=true\:0\:0\:false\:false\:true\:false\:false\:false\:false
NVIC.MemoryManagement_IRQn=true\:0\:0\:false\:false\:true\:false\:false\:false\:false
NVIC.NonMaskableInt_IRQn=true\:0\:0\:false\:false\:true\:false\:false\:false\:false
NVIC.PendSV_IRQn=true\:15\:0\:false\:false\:false\:true\:false\:false\:false
NVIC.PriorityGroup=NVIC_PRIORITYGROUP_4
NVIC.SVCall_IRQn=true\:0\:0\:false\:false\:false\:false\:false\:false\:false
NVIC.SavedPendsvIrqHandlerGenerated=true
NVIC.SavedSvcallIrqHandlerGenerated=true
NVIC.SavedSystickIrqHandlerGenerated=true
NVIC.SysTick_IRQn=true\:15\:0\:false\:false\:false\:true\:false\:true\:false
NVIC.TIM1_UP_TIM10_IRQn=true\:15\:0\:false\:false\:true\:false\:false\:true\:true
NVIC.TimeBase=TIM1_UP_TIM10_IRQn
NVIC.TimeBaseIP=TIM10
NVIC.USART1_IRQn=true\:5\:0\:false\:false\:true\:true\:true\:true\:true
NVIC.UsageFault_IRQn=true\:0\:0\:false\:false\:true\:false\:false\:false\:false
PA1.Mode=RMII
PA1.Signal=ETH_REF_CLK
PA10.Locked=true
PA10.Mode=Asynchronous
PA10.Signal=USART1_RX
PA13.Mode=Trace_Synchro_4bits_JTAG
PA13.Signal=SYS_JTMS-SWDIO
PA14.Mode=Trace_Synchro_4bits_JTAG
PA14.Signal=SYS_JTCK-SWCLK
PA15.Mode=Trace_Synchro_4bits_JTAG
PA15.Signal=SYS_JTDI
PA2.Mode=RMII
PA2.Signal=ETH_MDIO
PA7.Mode=RMII
PA7.Signal=ETH_CRS_DV
PA9.Locked=true
PA9.Mode=Asynchronous
PA9.Signal=USART1_TX
PB0.GPIOParameters=PinState,GPIO_Label
PB0.GPIO_Label=LED0
PB0.Locked=true
PB0.PinState=GPIO_PIN_SET
PB0.Signal=GPIO_Output
PB1.GPIOParameters=PinState,GPIO_Label
PB1.GPIO_Label=LED1
PB1.Locked=true
PB1.PinState=GPIO_PIN_SET
PB1.Signal=GPIO_Output
PB11.Mode=RMII
PB11.Signal=ETH_TX_EN
PB2.Locked=true
PB2.Mode=Single Bank 1
PB2.Signal=QUADSPI_CLK
PB3.Mode=Trace_Synchro_4bits_JTAG
PB3.Signal=SYS_JTDO-SWO
PB6.Locked=true
PB6.Mode=Single Bank 1
PB6.Signal=QUADSPI_BK1_NCS
PC1.Mode=RMII
PC1.Signal=ETH_MDC
PC14/OSC32_IN.Mode=LSE-External-Oscillator
PC14/OSC32_IN.Signal=RCC_OSC32_IN
PC15/OSC32_OUT.Mode=LSE-External-Oscillator
PC15/OSC32_OUT.Signal=RCC_OSC32_OUT
PC4.Mode=RMII
PC4.Signal=ETH_RXD0
PC5.Mode=RMII
PC5.Signal=ETH_RXD1
PE2.Mode=Trace_Synchro_4bits_JTAG
PE2.Signal=SYS_TRACECLK
PE3.Mode=Trace_Synchro_4bits_JTAG
PE3.Signal=SYS_TRACED0
PE4.Mode=Trace_Synchro_4bits_JTAG
PE4.Signal=SYS_TRACED1
PE5.Mode=Trace_Synchro_4bits_JTAG
PE5.Signal=SYS_TRACED2
PE6.Mode=Trace_Synchro_4bits_JTAG
PE6.Signal=SYS_TRACED3
PF6.Mode=Single Bank 1
PF6.Signal=QUADSPI_BK1_IO3
PF7.Mode=Single Bank 1
PF7.Signal=QUADSPI_BK1_IO2
PF8.Mode=Single Bank 1
PF8.Signal=QUADSPI_BK1_IO0
PF9.Mode=Single Bank 1
PF9.Signal=QUADSPI_BK1_IO1
PG13.Locked=true
PG13.Mode=RMII
PG13.Signal=ETH_TXD0
PG14.Locked=true
PG14.Mode=RMII
PG14.Signal=ETH_TXD1
PH0/OSC_IN.Mode=HSE-External-Oscillator
PH0/OSC_IN.Signal=RCC_OSC_IN
PH1/OSC_OUT.Mode=HSE-External-Oscillator
PH1/OSC_OUT.Signal=RCC_OSC_OUT
PH3.GPIOParameters=GPIO_PuPd,GPIO_Label,GPIO_ModeDefaultEXTI
PH3.GPIO_Label=KEY0
PH3.GPIO_ModeDefaultEXTI=GPIO_MODE_IT_FALLING
PH3.GPIO_PuPd=GPIO_PULLUP
PH3.Locked=true
PH3.Signal=GPXTI3
PinOutPanel.RotationAngle=0
ProjectManager.AskForMigrate=true
ProjectManager.BackupPrevious=false
ProjectManager.CompilerOptimize=6
ProjectManager.ComputerToolchain=false
ProjectManager.CoupleFile=true
ProjectManager.CustomerFirmwarePackage=
ProjectManager.DefaultFWLocation=true
ProjectManager.DeletePrevious=true
ProjectManager.DeviceId=STM32F767IGTx
ProjectManager.FirmwarePackage=STM32Cube FW_F7 V1.17.1
ProjectManager.FreePins=false
ProjectManager.HalAssertFull=false
ProjectManager.HeapSize=0x2000
ProjectManager.KeepUserCode=true
ProjectManager.LastFirmware=true
ProjectManager.LibraryCopy=1
ProjectManager.MainLocation=Core/Src
ProjectManager.NoMain=false
ProjectManager.PreviousToolchain=
ProjectManager.ProjectBuild=false
ProjectManager.ProjectFileName=demo.ioc
ProjectManager.ProjectName=demo
ProjectManager.ProjectStructure=
ProjectManager.RegisterCallBack=
ProjectManager.StackSize=0x2000
ProjectManager.TargetToolchain=STM32CubeIDE
ProjectManager.ToolChainLocation=
ProjectManager.UAScriptAfterPath=
ProjectManager.UAScriptBeforePath=
ProjectManager.UnderRoot=true
ProjectManager.functionlistsort=1-SystemClock_Config-RCC-false-HAL-false,2-MX_GPIO_Init-GPIO-false-HAL-true,3-MX_DMA_Init-DMA-false-HAL-true,4-MX_LWIP_Init-LWIP-false-HAL-false,5-MX_USART1_UART_Init-USART1-false-HAL-true,6-MX_IWDG_Init-IWDG-false-HAL-true,7-MX_QUADSPI_Init-QUADSPI-false-HAL-true,0-MX_CORTEX_M7_Init-CORTEX_M7-false-HAL-true
QUADSPI.ChipSelectHighTime=QSPI_CS_HIGH_TIME_5_CYCLE
QUADSPI.ClockPrescaler=1
QUADSPI.FifoThreshold=32
QUADSPI.FlashSize=24
QUADSPI.IPParameters=ClockPrescaler,FifoThreshold,SampleShifting,FlashSize,ChipSelectHighTime
QUADSPI.SampleShifting=QSPI_SAMPLE_SHIFTING_HALFCYCLE
RCC.AHBFreq_Value=216000000
RCC.APB1CLKDivider=RCC_HCLK_DIV4
RCC.APB1Freq_Value=54000000
RCC.APB1TimFreq_Value=108000000
RCC.APB2CLKDivider=RCC_HCLK_DIV2
RCC.APB2Freq_Value=108000000
RCC.APB2TimFreq_Value=216000000
RCC.CECFreq_Value=32786.88524590164
RCC.CortexFreq_Value=216000000
RCC.DFSDMAudioFreq_Value=192000000
RCC.DFSDMFreq_Value=108000000
RCC.EthernetFreq_Value=216000000
RCC.FCLKCortexFreq_Value=216000000
RCC.FamilyName=M
RCC.HCLKFreq_Value=216000000
RCC.HSE_VALUE=25000000
RCC.HSI_VALUE=16000000
RCC.I2C1Freq_Value=54000000
RCC.I2C2Freq_Value=54000000
RCC.I2C3Freq_Value=54000000
RCC.I2C4Freq_Value=54000000
RCC.I2SFreq_Value=192000000
RCC.IPParameters=AHBFreq_Value,APB1CLKDivider,APB1Freq_Value,APB1TimFreq_Value,APB2CLKDivider,APB2Freq_Value,APB2TimFreq_Value,CECFreq_Value,CortexFreq_Value,DFSDMAudioFreq_Value,DFSDMFreq_Value,EthernetFreq_Value,FCLKCortexFreq_Value,FamilyName,HCLKFreq_Value,HSE_VALUE,HSI_VALUE,I2C1Freq_Value,I2C2Freq_Value,I2C3Freq_Value,I2C4Freq_Value,I2SFreq_Value,LCDTFTFreq_Value,LPTIM1Freq_Value,LSI_VALUE,MCO2PinFreq_Value,PLLCLKFreq_Value,PLLI2SPCLKFreq_Value,PLLI2SQCLKFreq_Value,PLLI2SRCLKFreq_Value,PLLI2SRoutputFreq_Value,PLLM,PLLN,PLLQCLKFreq_Value,PLLQoutputFreq_Value,PLLRFreq_Value,PLLSAIPCLKFreq_Value,PLLSAIQCLKFreq_Value,PLLSAIRCLKFreq_Value,PLLSAIoutputFreq_Value,RNGFreq_Value,SAI1Freq_Value,SAI2Freq_Value,SDMMC2Freq_Value,SDMMCFreq_Value,SPDIFRXFreq_Value,SYSCLKFreq_VALUE,SYSCLKSource,UART4Freq_Value,UART5Freq_Value,UART7Freq_Value,UART8Freq_Value,USART1CLockSelection,USART1Freq_Value,USART2Freq_Value,USART3Freq_Value,USART6Freq_Value,USBFreq_Value,VCOI2SOutputFreq_Value,VCOInputFreq_Value,VCOOutputFreq_Value,VCOSAIOutputFreq_Value
RCC.LCDTFTFreq_Value=96000000
RCC.LPTIM1Freq_Value=54000000
RCC.LSI_VALUE=32000
RCC.MCO2PinFreq_Value=216000000
RCC.PLLCLKFreq_Value=216000000
RCC.PLLI2SPCLKFreq_Value=192000000
RCC.PLLI2SQCLKFreq_Value=192000000
RCC.PLLI2SRCLKFreq_Value=192000000
RCC.PLLI2SRoutputFreq_Value=192000000
RCC.PLLM=8
RCC.PLLN=216
RCC.PLLQCLKFreq_Value=216000000
RCC.PLLQoutputFreq_Value=216000000
RCC.PLLRFreq_Value=216000000
RCC.PLLSAIPCLKFreq_Value=192000000
RCC.PLLSAIQCLKFreq_Value=192000000
RCC.PLLSAIRCLKFreq_Value=192000000
RCC.PLLSAIoutputFreq_Value=192000000
RCC.RNGFreq_Value=216000000
RCC.SAI1Freq_Value=192000000
RCC.SAI2Freq_Value=192000000
RCC.SDMMC2Freq_Value=216000000
RCC.SDMMCFreq_Value=216000000
RCC.SPDIFRXFreq_Value=192000000
RCC.SYSCLKFreq_VALUE=216000000
RCC.SYSCLKSource=RCC_SYSCLKSOURCE_PLLCLK
RCC.UART4Freq_Value=54000000
RCC.UART5Freq_Value=54000000
RCC.UART7Freq_Value=54000000
RCC.UART8Freq_Value=54000000
RCC.USART1CLockSelection=RCC_USART1CLKSOURCE_SYSCLK
RCC.USART1Freq_Value=216000000
RCC.USART2Freq_Value=54000000
RCC.USART3Freq_Value=54000000
RCC.USART6Freq_Value=108000000
RCC.USBFreq_Value=216000000
RCC.VCOI2SOutputFreq_Value=384000000
RCC.VCOInputFreq_Value=2000000
RCC.VCOOutputFreq_Value=432000000
RCC.VCOSAIOutputFreq_Value=384000000
SH.GPXTI3.0=GPIO_EXTI3
SH.GPXTI3.ConfNb=1
USART1.IPParameters=VirtualMode-Asynchronous
USART1.VirtualMode-Asynchronous=VM_ASYNC
VP_FREERTOS_VS_CMSIS_V1.Mode=CMSIS_V1
VP_FREERTOS_VS_CMSIS_V1.Signal=FREERTOS_VS_CMSIS_V1
VP_IWDG_VS_IWDG.Mode=IWDG_Activate
VP_IWDG_VS_IWDG.Signal=IWDG_VS_IWDG
VP_LWIP_VS_Enabled.Mode=Enabled
VP_LWIP_VS_Enabled.Signal=LWIP_VS_Enabled
VP_SYS_VS_tim10.Mode=TIM10
VP_SYS_VS_tim10.Signal=SYS_VS_tim10
board=custom
rtos.0.ip=FREERTOS
isbadioc=false
